
Microsoft Visual Studio Solution File, Format Version 12.00
# Visual Studio Version 16
VisualStudioVersion = 16.0.31702.278
MinimumVisualStudioVersion = 10.0.40219.1
Project("{FAE04EC0-301F-11D3-BF4B-00C04F79EFBC}") = "Musicalog", "Musicalog\Musicalog.csproj", "{4DF1CA8E-E941-4404-B3A5-B9BF8BA4ECDC}"
EndProject
Project("{FAE04EC0-301F-11D3-BF4B-00C04F79EFBC}") = "MediaLib", "MediaLib\MediaLib.csproj", "{8F1E250B-264B-4965-B78C-776FEE0DCF21}"
EndProject
Project("{FAE04EC0-301F-11D3-BF4B-00C04F79EFBC}") = "Testings", "Testings\Testings.csproj", "{4684C3B0-8210-4948-ACA8-F9399043E1B1}"
EndProject
Global
	GlobalSection(SolutionConfigurationPlatforms) = preSolution
		Debug|Any CPU = Debug|Any CPU
		Release|Any CPU = Release|Any CPU
	EndGlobalSection
	GlobalSection(ProjectConfigurationPlatforms) = postSolution
		{4DF1CA8E-E941-4404-B3A5-B9BF8BA4ECDC}.Debug|Any CPU.ActiveCfg = Debug|Any CPU
		{4DF1CA8E-E941-4404-B3A5-B9BF8BA4ECDC}.Debug|Any CPU.Build.0 = Debug|Any CPU
		{4DF1CA8E-E941-4404-B3A5-B9BF8BA4ECDC}.Release|Any CPU.ActiveCfg = Release|Any CPU
		{4DF1CA8E-E941-4404-B3A5-B9BF8BA4ECDC}.Release|Any CPU.Build.0 = Release|Any CPU
		{8F1E250B-264B-4965-B78C-776FEE0DCF21}.Debug|Any CPU.ActiveCfg = Debug|Any CPU
		{8F1E250B-264B-4965-B78C-776FEE0DCF21}.Debug|Any CPU.Build.0 = Debug|Any CPU
		{8F1E250B-264B-4965-B78C-776FEE0DCF21}.Release|Any CPU.ActiveCfg = Release|Any CPU
		{8F1E250B-264B-4965-B78C-776FEE0DCF21}.Release|Any CPU.Build.0 = Release|Any CPU
		{4684C3B0-8210-4948-ACA8-F9399043E1B1}.Debug|Any CPU.ActiveCfg = Debug|Any CPU
		{4684C3B0-8210-4948-ACA8-F9399043E1B1}.Debug|Any CPU.Build.0 = Debug|Any CPU
		{4684C3B0-8210-4948-ACA8-F9399043E1B1}.Release|Any CPU.ActiveCfg = Release|Any CPU
		{4684C3B0-8210-4948-ACA8-F9399043E1B1}.Release|Any CPU.Build.0 = Release|Any CPU
	EndGlobalSection
	GlobalSection(SolutionProperties) = preSolution
		HideSolutionNode = FALSE
	EndGlobalSection
	GlobalSection(ExtensibilityGlobals) = postSolution
		SolutionGuid = {BAF0D50D-4D63-4E20-B05D-643503E03308}
	EndGlobalSection
EndGlobal
